
Microsoft Visual Studio Solution File, Format Version 12.00
# Visual Studio 15
Project("{FAE04EC0-301F-11D3-BF4B-00C04F79EFBC}") = "Assembly-CSharp", "Assembly-CSharp.csproj", "{4814B7DA-6861-ACA2-2D97-996B71D33A97}"
EndProject
Project("{FAE04EC0-301F-11D3-BF4B-00C04F79EFBC}") = "Assembly-CSharp-Editor", "Assembly-CSharp-Editor.csproj", "{7C081F21-1DBA-F6B4-0065-FF941C349744}"
EndProject
Global
	GlobalSection(SolutionConfigurationPlatforms) = preSolution
		Debug|Any CPU = Debug|Any CPU
		Release|Any CPU = Release|Any CPU
	EndGlobalSection
	GlobalSection(ProjectConfigurationPlatforms) = postSolution
		{4814B7DA-6861-ACA2-2D97-996B71D33A97}.Debug|Any CPU.ActiveCfg = Debug|Any CPU
		{4814B7DA-6861-ACA2-2D97-996B71D33A97}.Debug|Any CPU.Build.0 = Debug|Any CPU
		{4814B7DA-6861-ACA2-2D97-996B71D33A97}.Release|Any CPU.ActiveCfg = Release|Any CPU
		{4814B7DA-6861-ACA2-2D97-996B71D33A97}.Release|Any CPU.Build.0 = Release|Any CPU
		{7C081F21-1DBA-F6B4-0065-FF941C349744}.Debug|Any CPU.ActiveCfg = Debug|Any CPU
		{7C081F21-1DBA-F6B4-0065-FF941C349744}.Debug|Any CPU.Build.0 = Debug|Any CPU
		{7C081F21-1DBA-F6B4-0065-FF941C349744}.Release|Any CPU.ActiveCfg = Release|Any CPU
		{7C081F21-1DBA-F6B4-0065-FF941C349744}.Release|Any CPU.Build.0 = Release|Any CPU
	EndGlobalSection
	GlobalSection(SolutionProperties) = preSolution
		HideSolutionNode = FALSE
	EndGlobalSection
EndGlobal
